
Microsoft Visual Studio Solution File, Format Version 12.00
# Visual Studio 2013
VisualStudioVersion = 12.0.30501.0
MinimumVisualStudioVersion = 10.0.40219.1
Project("{FAE04EC0-301F-11D3-BF4B-00C04F79EFBC}") = "ContractCreator", "ContractCreator\ContractCreator.csproj", "{301C3655-A441-4F67-82A5-9D0F92B06AA1}"
EndProject
Project("{54435603-DBB4-11D2-8724-00A0C9A8B90C}") = "Setup1", "Setup1\Setup1.vdproj", "{2B6B49D0-03C9-47B7-B458-5C383F75B2B5}"
EndProject
Global
	GlobalSection(SolutionConfigurationPlatforms) = preSolution
		Debug|Any CPU = Debug|Any CPU
		Release|Any CPU = Release|Any CPU
	EndGlobalSection
	GlobalSection(ProjectConfigurationPlatforms) = postSolution
		{301C3655-A441-4F67-82A5-9D0F92B06AA1}.Debug|Any CPU.ActiveCfg = Debug|Any CPU
		{301C3655-A441-4F67-82A5-9D0F92B06AA1}.Debug|Any CPU.Build.0 = Debug|Any CPU
		{301C3655-A441-4F67-82A5-9D0F92B06AA1}.Release|Any CPU.ActiveCfg = Release|Any CPU
		{301C3655-A441-4F67-82A5-9D0F92B06AA1}.Release|Any CPU.Build.0 = Release|Any CPU
		{2B6B49D0-03C9-47B7-B458-5C383F75B2B5}.Debug|Any CPU.ActiveCfg = Debug
		{2B6B49D0-03C9-47B7-B458-5C383F75B2B5}.Release|Any CPU.ActiveCfg = Release
	EndGlobalSection
	GlobalSection(SolutionProperties) = preSolution
		HideSolutionNode = FALSE
	EndGlobalSection
EndGlobal
